# This file is autogenerated, do not edit; changes may be undone by the next 'dep ensure'.


[[projects]]
  branch = "master"
  digest = "1:90fdb6ef78b5e6a1eb83b0fe7589bbb2da81fef493ee64499afb8991a5996d14"
  name = "github.com/sjwhitworth/golearn"
  packages = ["pca"]
  pruneopts = "UT"
  revision = "7374d3619155011902ba2d9e801f0600ff6e717c"

[[projects]]
  branch = "master"
  digest = "1:abf0b0f1ea5706ed10d6eef597cde7d335982a8e182dfa5c739ff29b3848b8ae"
  name = "gonum.org/v1/gonum"
  packages = [
    "blas",
    "blas/blas64",
    "blas/gonum",
    "floats",
    "internal/asm/c128",
    "internal/asm/f32",
    "internal/asm/f64",
    "internal/math32",
    "lapack",
    "lapack/gonum",
    "lapack/lapack64",
    "mat",
  ]
  pruneopts = "UT"
  revision = "5616fb91a07e8dcb238a45f53cad6c74d9ae58f9"

[solve-meta]
  analyzer-name = "dep"
  analyzer-version = 1
  input-imports = [
    "github.com/sjwhitworth/golearn/pca",
    "gonum.org/v1/gonum/mat",
  ]
  solver-name = "gps-cdcl"
  solver-version = 1
